
Microsoft Visual Studio Solution File, Format Version 12.00
# Visual Studio Version 16
VisualStudioVersion = 16.0.31019.35
MinimumVisualStudioVersion = 10.0.40219.1
Project("{FAE04EC0-301F-11D3-BF4B-00C04F79EFBC}") = "4kyrs", "..\..\source\repos\4kyrs\4kyrs.csproj", "{B410A3C6-8185-4589-A8EC-0E903D88C649}"
EndProject
Global
	GlobalSection(SolutionConfigurationPlatforms) = preSolution
		Debug|Any CPU = Debug|Any CPU
		Release|Any CPU = Release|Any CPU
	EndGlobalSection
	GlobalSection(ProjectConfigurationPlatforms) = postSolution
		{B410A3C6-8185-4589-A8EC-0E903D88C649}.Debug|Any CPU.ActiveCfg = Debug|Any CPU
		{B410A3C6-8185-4589-A8EC-0E903D88C649}.Debug|Any CPU.Build.0 = Debug|Any CPU
		{B410A3C6-8185-4589-A8EC-0E903D88C649}.Release|Any CPU.ActiveCfg = Release|Any CPU
		{B410A3C6-8185-4589-A8EC-0E903D88C649}.Release|Any CPU.Build.0 = Release|Any CPU
	EndGlobalSection
	GlobalSection(SolutionProperties) = preSolution
		HideSolutionNode = FALSE
	EndGlobalSection
	GlobalSection(ExtensibilityGlobals) = postSolution
		SolutionGuid = {2B85DDCF-4FEE-4DAB-A155-02E1AE1EF985}
	EndGlobalSection
EndGlobal
